// !$*UTF8*$!
{
	archiveVersion = 1;
	classes = {
	};
	objectVersion = 50;
	objects = {

/* Begin PBXBuildFile section */
		04892E9521256454003867C1 /* AppDelegate.swift in Sources */ = {isa = PBXBuildFile; fileRef = 04892E9421256454003867C1 /* AppDelegate.swift */; };
		04892E9A21256454003867C1 /* Main.storyboard in Resources */ = {isa = PBXBuildFile; fileRef = 04892E9821256454003867C1 /* Main.storyboard */; };
		04892E9C21256455003867C1 /* Assets.xcassets in Resources */ = {isa = PBXBuildFile; fileRef = 04892E9B21256455003867C1 /* Assets.xcassets */; };
		04892E9F21256455003867C1 /* LaunchScreen.storyboard in Resources */ = {isa = PBXBuildFile; fileRef = 04892E9D21256455003867C1 /* LaunchScreen.storyboard */; };
		04892EAD2125654A003867C1 /* UnitTests.swift in Sources */ = {isa = PBXBuildFile; fileRef = 04892EAC2125654A003867C1 /* UnitTests.swift */; };
		04C62359212E8F3B00D0564C /* AppTheme.swift in Sources */ = {isa = PBXBuildFile; fileRef = 04C62358212E8F3B00D0564C /* AppTheme.swift */; };
		04C624092134F0D800D0564C /* AppDelegate.swift in Sources */ = {isa = PBXBuildFile; fileRef = 04C624082134F0D800D0564C /* AppDelegate.swift */; };
		04C6240E2134F0D800D0564C /* Main.storyboard in Resources */ = {isa = PBXBuildFile; fileRef = 04C6240C2134F0D800D0564C /* Main.storyboard */; };
		04C624102134F0D900D0564C /* Assets.xcassets in Resources */ = {isa = PBXBuildFile; fileRef = 04C6240F2134F0D900D0564C /* Assets.xcassets */; };
		04C624132134F0D900D0564C /* LaunchScreen.storyboard in Resources */ = {isa = PBXBuildFile; fileRef = 04C624112134F0D900D0564C /* LaunchScreen.storyboard */; };
		04C624182134F13000D0564C /* GTCDragonsController.swift in Sources */ = {isa = PBXBuildFile; fileRef = 04C6238F212EA37D00D0564C /* GTCDragonsController.swift */; };
		04C624192134F13000D0564C /* DragonCell.swift in Sources */ = {isa = PBXBuildFile; fileRef = 04C6238D212EA2B400D0564C /* DragonCell.swift */; };
		04C6241A2134F13000D0564C /* GTCDragonsTableViewCell.swift in Sources */ = {isa = PBXBuildFile; fileRef = 04C62395212EA6DF00D0564C /* GTCDragonsTableViewCell.swift */; };
		04C6241B2134F13000D0564C /* GTCDrawDragons.swift in Sources */ = {isa = PBXBuildFile; fileRef = 04C6238B212EA27600D0564C /* GTCDrawDragons.swift */; };
		04C6241C2134F41000D0564C /* HeaderView.swift in Sources */ = {isa = PBXBuildFile; fileRef = 04C62391212EA3BB00D0564C /* HeaderView.swift */; };
		04C6241D2135408E00D0564C /* HeaderView.xib in Resources */ = {isa = PBXBuildFile; fileRef = 04C62393212EA3CA00D0564C /* HeaderView.xib */; };
		04C6241F213541D800D0564C /* GTCCatalogWindow.swift in Sources */ = {isa = PBXBuildFile; fileRef = 04C6241E213541D800D0564C /* GTCCatalogWindow.swift */; };
		04C624212135421500D0564C /* GTCNodeListViewController.swift in Sources */ = {isa = PBXBuildFile; fileRef = 04C624202135421500D0564C /* GTCNodeListViewController.swift */; };
		0E0D681050F96D515A17440F /* Pods_Catalog_Catalog.framework in Frameworks */ = {isa = PBXBuildFile; fileRef = 136E0FECD48E58810FDA80E2 /* Pods_Catalog_Catalog.framework */; };
		6DA226CAFB5BE293E96E8B0F /* Pods_GTCDragons.framework in Frameworks */ = {isa = PBXBuildFile; fileRef = 756DAC70919D6B0AC847EF42 /* Pods_GTCDragons.framework */; };
		ABA8A074545AAD3EAC4D2A4D /* Pods_Catalog_UnitTests.framework in Frameworks */ = {isa = PBXBuildFile; fileRef = D0E48B5278BCFD9BB5C6D2D1 /* Pods_Catalog_UnitTests.framework */; };
		AF042C168E8C662E9B70AB8D /* Pods_UnitTests.framework in Frameworks */ = {isa = PBXBuildFile; fileRef = 721C628B59821A3230DC0978 /* Pods_UnitTests.framework */; };
		F07E0603E11380371F80FD3A /* Pods_Catalog.framework in Frameworks */ = {isa = PBXBuildFile; fileRef = 1EAC9684C307874F35D9AFC6 /* Pods_Catalog.framework */; };
/* End PBXBuildFile section */

/* Begin PBXContainerItemProxy section */
		04892EAF2125654A003867C1 /* PBXContainerItemProxy */ = {
			isa = PBXContainerItemProxy;
			containerPortal = 04892E8921256454003867C1 /* Project object */;
			proxyType = 1;
			remoteGlobalIDString = 04892E9021256454003867C1;
			remoteInfo = Catalog;
		};
/* End PBXContainerItemProxy section */

/* Begin PBXFileReference section */
		04892E9121256454003867C1 /* Catalog.app */ = {isa = PBXFileReference; explicitFileType = wrapper.application; includeInIndex = 0; path = Catalog.app; sourceTree = BUILT_PRODUCTS_DIR; };
		04892E9421256454003867C1 /* AppDelegate.swift */ = {isa = PBXFileReference; lastKnownFileType = sourcecode.swift; path = AppDelegate.swift; sourceTree = "<group>"; };
		04892E9921256454003867C1 /* Base */ = {isa = PBXFileReference; lastKnownFileType = file.storyboard; name = Base; path = Base.lproj/Main.storyboard; sourceTree = "<group>"; };
		04892E9B21256455003867C1 /* Assets.xcassets */ = {isa = PBXFileReference; lastKnownFileType = folder.assetcatalog; path = Assets.xcassets; sourceTree = "<group>"; };
		04892E9E21256455003867C1 /* Base */ = {isa = PBXFileReference; lastKnownFileType = file.storyboard; name = Base; path = Base.lproj/LaunchScreen.storyboard; sourceTree = "<group>"; };
		04892EA021256455003867C1 /* Info.plist */ = {isa = PBXFileReference; lastKnownFileType = text.plist.xml; path = Info.plist; sourceTree = "<group>"; };
		04892EAA2125654A003867C1 /* UnitTests.xctest */ = {isa = PBXFileReference; explicitFileType = wrapper.cfbundle; includeInIndex = 0; path = UnitTests.xctest; sourceTree = BUILT_PRODUCTS_DIR; };
		04892EAC2125654A003867C1 /* UnitTests.swift */ = {isa = PBXFileReference; lastKnownFileType = sourcecode.swift; path = UnitTests.swift; sourceTree = "<group>"; };
		04892EAE2125654A003867C1 /* Info.plist */ = {isa = PBXFileReference; lastKnownFileType = text.plist.xml; path = Info.plist; sourceTree = "<group>"; };
		04C62358212E8F3B00D0564C /* AppTheme.swift */ = {isa = PBXFileReference; lastKnownFileType = sourcecode.swift; path = AppTheme.swift; sourceTree = "<group>"; };
		04C6238B212EA27600D0564C /* GTCDrawDragons.swift */ = {isa = PBXFileReference; lastKnownFileType = sourcecode.swift; path = GTCDrawDragons.swift; sourceTree = "<group>"; };
		04C6238D212EA2B400D0564C /* DragonCell.swift */ = {isa = PBXFileReference; lastKnownFileType = sourcecode.swift; path = DragonCell.swift; sourceTree = "<group>"; };
		04C6238F212EA37D00D0564C /* GTCDragonsController.swift */ = {isa = PBXFileReference; lastKnownFileType = sourcecode.swift; path = GTCDragonsController.swift; sourceTree = "<group>"; };
		04C62391212EA3BB00D0564C /* HeaderView.swift */ = {isa = PBXFileReference; lastKnownFileType = sourcecode.swift; path = HeaderView.swift; sourceTree = "<group>"; };
		04C62393212EA3CA00D0564C /* HeaderView.xib */ = {isa = PBXFileReference; lastKnownFileType = file.xib; path = HeaderView.xib; sourceTree = "<group>"; };
		04C62395212EA6DF00D0564C /* GTCDragonsTableViewCell.swift */ = {isa = PBXFileReference; lastKnownFileType = sourcecode.swift; path = GTCDragonsTableViewCell.swift; sourceTree = "<group>"; };
		04C624062134F0D800D0564C /* GTCDragons.app */ = {isa = PBXFileReference; explicitFileType = wrapper.application; includeInIndex = 0; path = GTCDragons.app; sourceTree = BUILT_PRODUCTS_DIR; };
		04C624082134F0D800D0564C /* AppDelegate.swift */ = {isa = PBXFileReference; lastKnownFileType = sourcecode.swift; path = AppDelegate.swift; sourceTree = "<group>"; };
		04C6240D2134F0D800D0564C /* Base */ = {isa = PBXFileReference; lastKnownFileType = file.storyboard; name = Base; path = Base.lproj/Main.storyboard; sourceTree = "<group>"; };
		04C6240F2134F0D900D0564C /* Assets.xcassets */ = {isa = PBXFileReference; lastKnownFileType = folder.assetcatalog; path = Assets.xcassets; sourceTree = "<group>"; };
		04C624122134F0D900D0564C /* Base */ = {isa = PBXFileReference; lastKnownFileType = file.storyboard; name = Base; path = Base.lproj/LaunchScreen.storyboard; sourceTree = "<group>"; };
		04C624142134F0D900D0564C /* Info.plist */ = {isa = PBXFileReference; lastKnownFileType = text.plist.xml; path = Info.plist; sourceTree = "<group>"; };
		04C6241E213541D800D0564C /* GTCCatalogWindow.swift */ = {isa = PBXFileReference; lastKnownFileType = sourcecode.swift; path = GTCCatalogWindow.swift; sourceTree = "<group>"; };
		04C624202135421500D0564C /* GTCNodeListViewController.swift */ = {isa = PBXFileReference; lastKnownFileType = sourcecode.swift; path = GTCNodeListViewController.swift; sourceTree = "<group>"; };
		136E0FECD48E58810FDA80E2 /* Pods_Catalog_Catalog.framework */ = {isa = PBXFileReference; explicitFileType = wrapper.framework; includeInIndex = 0; path = Pods_Catalog_Catalog.framework; sourceTree = BUILT_PRODUCTS_DIR; };
		1EAC9684C307874F35D9AFC6 /* Pods_Catalog.framework */ = {isa = PBXFileReference; explicitFileType = wrapper.framework; includeInIndex = 0; path = Pods_Catalog.framework; sourceTree = BUILT_PRODUCTS_DIR; };
		2C64DF8CDFB3F376E00C8DFF /* Pods-GTCDragons.debug.xcconfig */ = {isa = PBXFileReference; includeInIndex = 1; lastKnownFileType = text.xcconfig; name = "Pods-GTCDragons.debug.xcconfig"; path = "Pods/Target Support Files/Pods-GTCDragons/Pods-GTCDragons.debug.xcconfig"; sourceTree = "<group>"; };
		4BFCBC81CC226CC235E5911C /* Pods-Catalog.release.xcconfig */ = {isa = PBXFileReference; includeInIndex = 1; lastKnownFileType = text.xcconfig; name = "Pods-Catalog.release.xcconfig"; path = "Pods/Target Support Files/Pods-Catalog/Pods-Catalog.release.xcconfig"; sourceTree = "<group>"; };
		584532BBD4D7D0933B486928 /* Pods-Catalog-UnitTests.debug.xcconfig */ = {isa = PBXFileReference; includeInIndex = 1; lastKnownFileType = text.xcconfig; name = "Pods-Catalog-UnitTests.debug.xcconfig"; path = "Pods/Target Support Files/Pods-Catalog-UnitTests/Pods-Catalog-UnitTests.debug.xcconfig"; sourceTree = "<group>"; };
		58534213BE845811C66AA49F /* Pods-Catalog-UnitTests.release.xcconfig */ = {isa = PBXFileReference; includeInIndex = 1; lastKnownFileType = text.xcconfig; name = "Pods-Catalog-UnitTests.release.xcconfig"; path = "Pods/Target Support Files/Pods-Catalog-UnitTests/Pods-Catalog-UnitTests.release.xcconfig"; sourceTree = "<group>"; };
		6DB322241AC1F757B779A336 /* Pods-GTCDragons.release.xcconfig */ = {isa = PBXFileReference; includeInIndex = 1; lastKnownFileType = text.xcconfig; name = "Pods-GTCDragons.release.xcconfig"; path = "Pods/Target Support Files/Pods-GTCDragons/Pods-GTCDragons.release.xcconfig"; sourceTree = "<group>"; };
		721C628B59821A3230DC0978 /* Pods_UnitTests.framework */ = {isa = PBXFileReference; explicitFileType = wrapper.framework; includeInIndex = 0; path = Pods_UnitTests.framework; sourceTree = BUILT_PRODUCTS_DIR; };
		756DAC70919D6B0AC847EF42 /* Pods_GTCDragons.framework */ = {isa = PBXFileReference; explicitFileType = wrapper.framework; includeInIndex = 0; path = Pods_GTCDragons.framework; sourceTree = BUILT_PRODUCTS_DIR; };
		7CD67812B887A7BF835CF7EA /* Pods-UnitTests.debug.xcconfig */ = {isa = PBXFileReference; includeInIndex = 1; lastKnownFileType = text.xcconfig; name = "Pods-UnitTests.debug.xcconfig"; path = "Pods/Target Support Files/Pods-UnitTests/Pods-UnitTests.debug.xcconfig"; sourceTree = "<group>"; };
		8E2B989693BB0175611068B3 /* Pods-Catalog-Catalog.release.xcconfig */ = {isa = PBXFileReference; includeInIndex = 1; lastKnownFileType = text.xcconfig; name = "Pods-Catalog-Catalog.release.xcconfig"; path = "Pods/Target Support Files/Pods-Catalog-Catalog/Pods-Catalog-Catalog.release.xcconfig"; sourceTree = "<group>"; };
		9C91C13A3818C41CB36388A9 /* Pods-Catalog.debug.xcconfig */ = {isa = PBXFileReference; includeInIndex = 1; lastKnownFileType = text.xcconfig; name = "Pods-Catalog.debug.xcconfig"; path = "Pods/Target Support Files/Pods-Catalog/Pods-Catalog.debug.xcconfig"; sourceTree = "<group>"; };
		BCFD99AEE98506A049EAD7BC /* Pods-UnitTests.release.xcconfig */ = {isa = PBXFileReference; includeInIndex = 1; lastKnownFileType = text.xcconfig; name = "Pods-UnitTests.release.xcconfig"; path = "Pods/Target Support Files/Pods-UnitTests/Pods-UnitTests.release.xcconfig"; sourceTree = "<group>"; };
		D0E48B5278BCFD9BB5C6D2D1 /* Pods_Catalog_UnitTests.framework */ = {isa = PBXFileReference; explicitFileType = wrapper.framework; includeInIndex = 0; path = Pods_Catalog_UnitTests.framework; sourceTree = BUILT_PRODUCTS_DIR; };
		D5E7C5807AF839F42CEC05D7 /* Pods-Catalog-Catalog.debug.xcconfig */ = {isa = PBXFileReference; includeInIndex = 1; lastKnownFileType = text.xcconfig; name = "Pods-Catalog-Catalog.debug.xcconfig"; path = "Pods/Target Support Files/Pods-Catalog-Catalog/Pods-Catalog-Catalog.debug.xcconfig"; sourceTree = "<group>"; };
/* End PBXFileReference section */

/* Begin PBXFrameworksBuildPhase section */
		04892E8E21256454003867C1 /* Frameworks */ = {
			isa = PBXFrameworksBuildPhase;
			buildActionMask = 2147483647;
			files = (
				F07E0603E11380371F80FD3A /* Pods_Catalog.framework in Frameworks */,
				0E0D681050F96D515A17440F /* Pods_Catalog_Catalog.framework in Frameworks */,
			);
			runOnlyForDeploymentPostprocessing = 0;
		};
		04892EA72125654A003867C1 /* Frameworks */ = {
			isa = PBXFrameworksBuildPhase;
			buildActionMask = 2147483647;
			files = (
				ABA8A074545AAD3EAC4D2A4D /* Pods_Catalog_UnitTests.framework in Frameworks */,
				AF042C168E8C662E9B70AB8D /* Pods_UnitTests.framework in Frameworks */,
			);
			runOnlyForDeploymentPostprocessing = 0;
		};
		04C624032134F0D800D0564C /* Frameworks */ = {
			isa = PBXFrameworksBuildPhase;
			buildActionMask = 2147483647;
			files = (
				6DA226CAFB5BE293E96E8B0F /* Pods_GTCDragons.framework in Frameworks */,
			);
			runOnlyForDeploymentPostprocessing = 0;
		};
/* End PBXFrameworksBuildPhase section */

/* Begin PBXGroup section */
		04892E8821256454003867C1 = {
			isa = PBXGroup;
			children = (
				04892E9321256454003867C1 /* Catalog */,
				04892EAB2125654A003867C1 /* UnitTests */,
				04C624072134F0D800D0564C /* GTCDragons */,
				04892E9221256454003867C1 /* Products */,
				FACB02DB1AC40EE19A35DFAD /* Pods */,
				F3548CDDD397FD4527B5F877 /* Frameworks */,
			);
			sourceTree = "<group>";
		};
		04892E9221256454003867C1 /* Products */ = {
			isa = PBXGroup;
			children = (
				04892E9121256454003867C1 /* Catalog.app */,
				04892EAA2125654A003867C1 /* UnitTests.xctest */,
				04C624062134F0D800D0564C /* GTCDragons.app */,
			);
			name = Products;
			sourceTree = "<group>";
		};
		04892E9321256454003867C1 /* Catalog */ = {
			isa = PBXGroup;
			children = (
				04892E9421256454003867C1 /* AppDelegate.swift */,
				04C62358212E8F3B00D0564C /* AppTheme.swift */,
				04C6241E213541D800D0564C /* GTCCatalogWindow.swift */,
				04C624202135421500D0564C /* GTCNodeListViewController.swift */,
				04892E9821256454003867C1 /* Main.storyboard */,
				04892E9B21256455003867C1 /* Assets.xcassets */,
				04892E9D21256455003867C1 /* LaunchScreen.storyboard */,
				04892EA021256455003867C1 /* Info.plist */,
			);
			path = Catalog;
			sourceTree = "<group>";
		};
		04892EAB2125654A003867C1 /* UnitTests */ = {
			isa = PBXGroup;
			children = (
				04892EAC2125654A003867C1 /* UnitTests.swift */,
				04892EAE2125654A003867C1 /* Info.plist */,
			);
			path = UnitTests;
			sourceTree = "<group>";
		};
		04C624072134F0D800D0564C /* GTCDragons */ = {
			isa = PBXGroup;
			children = (
				04C624082134F0D800D0564C /* AppDelegate.swift */,
				04C6238F212EA37D00D0564C /* GTCDragonsController.swift */,
				04C6238B212EA27600D0564C /* GTCDrawDragons.swift */,
				04C62395212EA6DF00D0564C /* GTCDragonsTableViewCell.swift */,
				04C6238D212EA2B400D0564C /* DragonCell.swift */,
				04C62391212EA3BB00D0564C /* HeaderView.swift */,
				04C62393212EA3CA00D0564C /* HeaderView.xib */,
				04C6240C2134F0D800D0564C /* Main.storyboard */,
				04C6240F2134F0D900D0564C /* Assets.xcassets */,
				04C624112134F0D900D0564C /* LaunchScreen.storyboard */,
				04C624142134F0D900D0564C /* Info.plist */,
			);
			path = GTCDragons;
			sourceTree = "<group>";
		};
		F3548CDDD397FD4527B5F877 /* Frameworks */ = {
			isa = PBXGroup;
			children = (
				1EAC9684C307874F35D9AFC6 /* Pods_Catalog.framework */,
				136E0FECD48E58810FDA80E2 /* Pods_Catalog_Catalog.framework */,
				D0E48B5278BCFD9BB5C6D2D1 /* Pods_Catalog_UnitTests.framework */,
				721C628B59821A3230DC0978 /* Pods_UnitTests.framework */,
				756DAC70919D6B0AC847EF42 /* Pods_GTCDragons.framework */,
			);
			name = Frameworks;
			sourceTree = "<group>";
		};
		FACB02DB1AC40EE19A35DFAD /* Pods */ = {
			isa = PBXGroup;
			children = (
				9C91C13A3818C41CB36388A9 /* Pods-Catalog.debug.xcconfig */,
				4BFCBC81CC226CC235E5911C /* Pods-Catalog.release.xcconfig */,
				D5E7C5807AF839F42CEC05D7 /* Pods-Catalog-Catalog.debug.xcconfig */,
				8E2B989693BB0175611068B3 /* Pods-Catalog-Catalog.release.xcconfig */,
				584532BBD4D7D0933B486928 /* Pods-Catalog-UnitTests.debug.xcconfig */,
				58534213BE845811C66AA49F /* Pods-Catalog-UnitTests.release.xcconfig */,
				7CD67812B887A7BF835CF7EA /* Pods-UnitTests.debug.xcconfig */,
				BCFD99AEE98506A049EAD7BC /* Pods-UnitTests.release.xcconfig */,
				2C64DF8CDFB3F376E00C8DFF /* Pods-GTCDragons.debug.xcconfig */,
				6DB322241AC1F757B779A336 /* Pods-GTCDragons.release.xcconfig */,
			);
			name = Pods;
			sourceTree = "<group>";
		};
/* End PBXGroup section */

/* Begin PBXNativeTarget section */
		04892E9021256454003867C1 /* Catalog */ = {
			isa = PBXNativeTarget;
			buildConfigurationList = 04892EA321256455003867C1 /* Build configuration list for PBXNativeTarget "Catalog" */;
			buildPhases = (
				B97C48ADF3AFA4D4C9877FA5 /* [CP] Check Pods Manifest.lock */,
				04892E8D21256454003867C1 /* Sources */,
				04892E8E21256454003867C1 /* Frameworks */,
				04892E8F21256454003867C1 /* Resources */,
				CF489D1D78BD3BAA7A36FB7E /* [CP] Embed Pods Frameworks */,
			);
			buildRules = (
			);
			dependencies = (
			);
			name = Catalog;
			productName = Catalog;
			productReference = 04892E9121256454003867C1 /* Catalog.app */;
			productType = "com.apple.product-type.application";
		};
		04892EA92125654A003867C1 /* UnitTests */ = {
			isa = PBXNativeTarget;
			buildConfigurationList = 04892EB32125654A003867C1 /* Build configuration list for PBXNativeTarget "UnitTests" */;
			buildPhases = (
				2DA4386754382F80F506DF2D /* [CP] Check Pods Manifest.lock */,
				04892EA62125654A003867C1 /* Sources */,
				04892EA72125654A003867C1 /* Frameworks */,
				04892EA82125654A003867C1 /* Resources */,
				C9B47698EE917B57F7CD13BF /* [CP] Embed Pods Frameworks */,
			);
			buildRules = (
			);
			dependencies = (
				04892EB02125654A003867C1 /* PBXTargetDependency */,
			);
			name = UnitTests;
			productName = UnitTests;
			productReference = 04892EAA2125654A003867C1 /* UnitTests.xctest */;
			productType = "com.apple.product-type.bundle.unit-test";
		};
		04C624052134F0D800D0564C /* GTCDragons */ = {
			isa = PBXNativeTarget;
			buildConfigurationList = 04C624172134F0D900D0564C /* Build configuration list for PBXNativeTarget "GTCDragons" */;
			buildPhases = (
				E3BEAD08C95D2DF21F432E3B /* [CP] Check Pods Manifest.lock */,
				04C624022134F0D800D0564C /* Sources */,
				04C624032134F0D800D0564C /* Frameworks */,
				04C624042134F0D800D0564C /* Resources */,
				1A8236667D2A5857A0E47AD5 /* [CP] Embed Pods Frameworks */,
			);
			buildRules = (
			);
			dependencies = (
			);
			name = GTCDragons;
			productName = GTCDragons;
			productReference = 04C624062134F0D800D0564C /* GTCDragons.app */;
			productType = "com.apple.product-type.application";
		};
/* End PBXNativeTarget section */

/* Begin PBXProject section */
		04892E8921256454003867C1 /* Project object */ = {
			isa = PBXProject;
			attributes = {
				LastSwiftUpdateCheck = 0930;
				LastUpgradeCheck = 0930;
				ORGANIZATIONNAME = liuxc;
				TargetAttributes = {
					04892E9021256454003867C1 = {
						CreatedOnToolsVersion = 9.3.1;
					};
					04892EA92125654A003867C1 = {
						CreatedOnToolsVersion = 9.3.1;
						TestTargetID = 04892E9021256454003867C1;
					};
					04C624052134F0D800D0564C = {
						CreatedOnToolsVersion = 9.3.1;
					};
				};
			};
			buildConfigurationList = 04892E8C21256454003867C1 /* Build configuration list for PBXProject "Catalog" */;
			compatibilityVersion = "Xcode 9.3";
			developmentRegion = en;
			hasScannedForEncodings = 0;
			knownRegions = (
				en,
				Base,
			);
			mainGroup = 04892E8821256454003867C1;
			productRefGroup = 04892E9221256454003867C1 /* Products */;
			projectDirPath = "";
			projectRoot = "";
			targets = (
				04892E9021256454003867C1 /* Catalog */,
				04892EA92125654A003867C1 /* UnitTests */,
				04C624052134F0D800D0564C /* GTCDragons */,
			);
		};
/* End PBXProject section */

/* Begin PBXResourcesBuildPhase section */
		04892E8F21256454003867C1 /* Resources */ = {
			isa = PBXResourcesBuildPhase;
			buildActionMask = 2147483647;
			files = (
				04892E9F21256455003867C1 /* LaunchScreen.storyboard in Resources */,
				04892E9C21256455003867C1 /* Assets.xcassets in Resources */,
				04892E9A21256454003867C1 /* Main.storyboard in Resources */,
			);
			runOnlyForDeploymentPostprocessing = 0;
		};
		04892EA82125654A003867C1 /* Resources */ = {
			isa = PBXResourcesBuildPhase;
			buildActionMask = 2147483647;
			files = (
			);
			runOnlyForDeploymentPostprocessing = 0;
		};
		04C624042134F0D800D0564C /* Resources */ = {
			isa = PBXResourcesBuildPhase;
			buildActionMask = 2147483647;
			files = (
				04C624132134F0D900D0564C /* LaunchScreen.storyboard in Resources */,
				04C624102134F0D900D0564C /* Assets.xcassets in Resources */,
				04C6240E2134F0D800D0564C /* Main.storyboard in Resources */,
				04C6241D2135408E00D0564C /* HeaderView.xib in Resources */,
			);
			runOnlyForDeploymentPostprocessing = 0;
		};
/* End PBXResourcesBuildPhase section */

/* Begin PBXShellScriptBuildPhase section */
		1A8236667D2A5857A0E47AD5 /* [CP] Embed Pods Frameworks */ = {
			isa = PBXShellScriptBuildPhase;
			buildActionMask = 2147483647;
			files = (
			);
			inputPaths = (
				"${SRCROOT}/Pods/Target Support Files/Pods-GTCDragons/Pods-GTCDragons-frameworks.sh",
				"${BUILT_PRODUCTS_DIR}/GTCatalog/GTCatalog.framework",
				"${BUILT_PRODUCTS_DIR}/GTComponentsExamples/GTComponentsExamples.framework",
				"${BUILT_PRODUCTS_DIR}/GTFInternationalization/GTFInternationalization.framework",
				"${BUILT_PRODUCTS_DIR}/GTFTextAccessibility/GTFTextAccessibility.framework",
				"${BUILT_PRODUCTS_DIR}/GTKitComponents/GTKitComponents.framework",
				"${BUILT_PRODUCTS_DIR}/GTMotionAnimator/GTMotionAnimator.framework",
				"${BUILT_PRODUCTS_DIR}/GTMotionInterchange/GTMotionInterchange.framework",
				"${BUILT_PRODUCTS_DIR}/GTMotionTransitioning/GTMotionTransitioning.framework",
			);
			name = "[CP] Embed Pods Frameworks";
			outputPaths = (
				"${TARGET_BUILD_DIR}/${FRAMEWORKS_FOLDER_PATH}/GTCatalog.framework",
				"${TARGET_BUILD_DIR}/${FRAMEWORKS_FOLDER_PATH}/GTComponentsExamples.framework",
				"${TARGET_BUILD_DIR}/${FRAMEWORKS_FOLDER_PATH}/GTFInternationalization.framework",
				"${TARGET_BUILD_DIR}/${FRAMEWORKS_FOLDER_PATH}/GTFTextAccessibility.framework",
				"${TARGET_BUILD_DIR}/${FRAMEWORKS_FOLDER_PATH}/GTKitComponents.framework",
				"${TARGET_BUILD_DIR}/${FRAMEWORKS_FOLDER_PATH}/GTMotionAnimator.framework",
				"${TARGET_BUILD_DIR}/${FRAMEWORKS_FOLDER_PATH}/GTMotionInterchange.framework",
				"${TARGET_BUILD_DIR}/${FRAMEWORKS_FOLDER_PATH}/GTMotionTransitioning.framework",
			);
			runOnlyForDeploymentPostprocessing = 0;
			shellPath = /bin/sh;
			shellScript = "\"${SRCROOT}/Pods/Target Support Files/Pods-GTCDragons/Pods-GTCDragons-frameworks.sh\"\n";
			showEnvVarsInLog = 0;
		};
		2DA4386754382F80F506DF2D /* [CP] Check Pods Manifest.lock */ = {
			isa = PBXShellScriptBuildPhase;
			buildActionMask = 2147483647;
			files = (
			);
			inputPaths = (
				"${PODS_PODFILE_DIR_PATH}/Podfile.lock",
				"${PODS_ROOT}/Manifest.lock",
			);
			name = "[CP] Check Pods Manifest.lock";
			outputPaths = (
				"$(DERIVED_FILE_DIR)/Pods-UnitTests-checkManifestLockResult.txt",
			);
			runOnlyForDeploymentPostprocessing = 0;
			shellPath = /bin/sh;
			shellScript = "diff \"${PODS_PODFILE_DIR_PATH}/Podfile.lock\" \"${PODS_ROOT}/Manifest.lock\" > /dev/null\nif [ $? != 0 ] ; then\n    # print error to STDERR\n    echo \"error: The sandbox is not in sync with the Podfile.lock. Run 'pod install' or update your CocoaPods installation.\" >&2\n    exit 1\nfi\n# This output is used by Xcode 'outputs' to avoid re-running this script phase.\necho \"SUCCESS\" > \"${SCRIPT_OUTPUT_FILE_0}\"\n";
			showEnvVarsInLog = 0;
		};
		B97C48ADF3AFA4D4C9877FA5 /* [CP] Check Pods Manifest.lock */ = {
			isa = PBXShellScriptBuildPhase;
			buildActionMask = 2147483647;
			files = (
			);
			inputPaths = (
				"${PODS_PODFILE_DIR_PATH}/Podfile.lock",
				"${PODS_ROOT}/Manifest.lock",
			);
			name = "[CP] Check Pods Manifest.lock";
			outputPaths = (
				"$(DERIVED_FILE_DIR)/Pods-Catalog-checkManifestLockResult.txt",
			);
			runOnlyForDeploymentPostprocessing = 0;
			shellPath = /bin/sh;
			shellScript = "diff \"${PODS_PODFILE_DIR_PATH}/Podfile.lock\" \"${PODS_ROOT}/Manifest.lock\" > /dev/null\nif [ $? != 0 ] ; then\n    # print error to STDERR\n    echo \"error: The sandbox is not in sync with the Podfile.lock. Run 'pod install' or update your CocoaPods installation.\" >&2\n    exit 1\nfi\n# This output is used by Xcode 'outputs' to avoid re-running this script phase.\necho \"SUCCESS\" > \"${SCRIPT_OUTPUT_FILE_0}\"\n";
			showEnvVarsInLog = 0;
		};
		C9B47698EE917B57F7CD13BF /* [CP] Embed Pods Frameworks */ = {
			isa = PBXShellScriptBuildPhase;
			buildActionMask = 2147483647;
			files = (
			);
			inputPaths = (
				"${SRCROOT}/Pods/Target Support Files/Pods-UnitTests/Pods-UnitTests-frameworks.sh",
				"${BUILT_PRODUCTS_DIR}/GTCatalog/GTCatalog.framework",
				"${BUILT_PRODUCTS_DIR}/GTFInternationalization/GTFInternationalization.framework",
				"${BUILT_PRODUCTS_DIR}/GTFTextAccessibility/GTFTextAccessibility.framework",
				"${BUILT_PRODUCTS_DIR}/GTKitComponents/GTKitComponents.framework",
				"${BUILT_PRODUCTS_DIR}/GTMotionAnimator/GTMotionAnimator.framework",
				"${BUILT_PRODUCTS_DIR}/GTMotionInterchange/GTMotionInterchange.framework",
				"${BUILT_PRODUCTS_DIR}/GTMotionTransitioning/GTMotionTransitioning.framework",
				"${BUILT_PRODUCTS_DIR}/GTComponentsUnitTests/GTComponentsUnitTests.framework",
			);
			name = "[CP] Embed Pods Frameworks";
			outputPaths = (
				"${TARGET_BUILD_DIR}/${FRAMEWORKS_FOLDER_PATH}/GTCatalog.framework",
				"${TARGET_BUILD_DIR}/${FRAMEWORKS_FOLDER_PATH}/GTFInternationalization.framework",
				"${TARGET_BUILD_DIR}/${FRAMEWORKS_FOLDER_PATH}/GTFTextAccessibility.framework",
				"${TARGET_BUILD_DIR}/${FRAMEWORKS_FOLDER_PATH}/GTKitComponents.framework",
				"${TARGET_BUILD_DIR}/${FRAMEWORKS_FOLDER_PATH}/GTMotionAnimator.framework",
				"${TARGET_BUILD_DIR}/${FRAMEWORKS_FOLDER_PATH}/GTMotionInterchange.framework",
				"${TARGET_BUILD_DIR}/${FRAMEWORKS_FOLDER_PATH}/GTMotionTransitioning.framework",
				"${TARGET_BUILD_DIR}/${FRAMEWORKS_FOLDER_PATH}/GTComponentsUnitTests.framework",
			);
			runOnlyForDeploymentPostprocessing = 0;
			shellPath = /bin/sh;
			shellScript = "\"${SRCROOT}/Pods/Target Support Files/Pods-UnitTests/Pods-UnitTests-frameworks.sh\"\n";
			showEnvVarsInLog = 0;
		};
		CF489D1D78BD3BAA7A36FB7E /* [CP] Embed Pods Frameworks */ = {
			isa = PBXShellScriptBuildPhase;
			buildActionMask = 2147483647;
			files = (
			);
			inputPaths = (
				"${SRCROOT}/Pods/Target Support Files/Pods-Catalog/Pods-Catalog-frameworks.sh",
				"${BUILT_PRODUCTS_DIR}/GTCatalog/GTCatalog.framework",
				"${BUILT_PRODUCTS_DIR}/GTComponentsExamples/GTComponentsExamples.framework",
				"${BUILT_PRODUCTS_DIR}/GTFInternationalization/GTFInternationalization.framework",
				"${BUILT_PRODUCTS_DIR}/GTFTextAccessibility/GTFTextAccessibility.framework",
				"${BUILT_PRODUCTS_DIR}/GTKitComponents/GTKitComponents.framework",
				"${BUILT_PRODUCTS_DIR}/GTMotionAnimator/GTMotionAnimator.framework",
				"${BUILT_PRODUCTS_DIR}/GTMotionInterchange/GTMotionInterchange.framework",
				"${BUILT_PRODUCTS_DIR}/GTMotionTransitioning/GTMotionTransitioning.framework",
			);
			name = "[CP] Embed Pods Frameworks";
			outputPaths = (
				"${TARGET_BUILD_DIR}/${FRAMEWORKS_FOLDER_PATH}/GTCatalog.framework",
				"${TARGET_BUILD_DIR}/${FRAMEWORKS_FOLDER_PATH}/GTComponentsExamples.framework",
				"${TARGET_BUILD_DIR}/${FRAMEWORKS_FOLDER_PATH}/GTFInternationalization.framework",
				"${TARGET_BUILD_DIR}/${FRAMEWORKS_FOLDER_PATH}/GTFTextAccessibility.framework",
				"${TARGET_BUILD_DIR}/${FRAMEWORKS_FOLDER_PATH}/GTKitComponents.framework",
				"${TARGET_BUILD_DIR}/${FRAMEWORKS_FOLDER_PATH}/GTMotionAnimator.framework",
				"${TARGET_BUILD_DIR}/${FRAMEWORKS_FOLDER_PATH}/GTMotionInterchange.framework",
				"${TARGET_BUILD_DIR}/${FRAMEWORKS_FOLDER_PATH}/GTMotionTransitioning.framework",
			);
			runOnlyForDeploymentPostprocessing = 0;
			shellPath = /bin/sh;
			shellScript = "\"${SRCROOT}/Pods/Target Support Files/Pods-Catalog/Pods-Catalog-frameworks.sh\"\n";
			showEnvVarsInLog = 0;
		};
		E3BEAD08C95D2DF21F432E3B /* [CP] Check Pods Manifest.lock */ = {
			isa = PBXShellScriptBuildPhase;
			buildActionMask = 2147483647;
			files = (
			);
			inputPaths = (
				"${PODS_PODFILE_DIR_PATH}/Podfile.lock",
				"${PODS_ROOT}/Manifest.lock",
			);
			name = "[CP] Check Pods Manifest.lock";
			outputPaths = (
				"$(DERIVED_FILE_DIR)/Pods-GTCDragons-checkManifestLockResult.txt",
			);
			runOnlyForDeploymentPostprocessing = 0;
			shellPath = /bin/sh;
			shellScript = "diff \"${PODS_PODFILE_DIR_PATH}/Podfile.lock\" \"${PODS_ROOT}/Manifest.lock\" > /dev/null\nif [ $? != 0 ] ; then\n    # print error to STDERR\n    echo \"error: The sandbox is not in sync with the Podfile.lock. Run 'pod install' or update your CocoaPods installation.\" >&2\n    exit 1\nfi\n# This output is used by Xcode 'outputs' to avoid re-running this script phase.\necho \"SUCCESS\" > \"${SCRIPT_OUTPUT_FILE_0}\"\n";
			showEnvVarsInLog = 0;
		};
/* End PBXShellScriptBuildPhase section */

/* Begin PBXSourcesBuildPhase section */
		04892E8D21256454003867C1 /* Sources */ = {
			isa = PBXSourcesBuildPhase;
			buildActionMask = 2147483647;
			files = (
				04C62359212E8F3B00D0564C /* AppTheme.swift in Sources */,
				04C624212135421500D0564C /* GTCNodeListViewController.swift in Sources */,
				04C6241F213541D800D0564C /* GTCCatalogWindow.swift in Sources */,
				04892E9521256454003867C1 /* AppDelegate.swift in Sources */,
			);
			runOnlyForDeploymentPostprocessing = 0;
		};
		04892EA62125654A003867C1 /* Sources */ = {
			isa = PBXSourcesBuildPhase;
			buildActionMask = 2147483647;
			files = (
				04892EAD2125654A003867C1 /* UnitTests.swift in Sources */,
			);
			runOnlyForDeploymentPostprocessing = 0;
		};
		04C624022134F0D800D0564C /* Sources */ = {
			isa = PBXSourcesBuildPhase;
			buildActionMask = 2147483647;
			files = (
				04C624182134F13000D0564C /* GTCDragonsController.swift in Sources */,
				04C6241C2134F41000D0564C /* HeaderView.swift in Sources */,
				04C624192134F13000D0564C /* DragonCell.swift in Sources */,
				04C6241B2134F13000D0564C /* GTCDrawDragons.swift in Sources */,
				04C624092134F0D800D0564C /* AppDelegate.swift in Sources */,
				04C6241A2134F13000D0564C /* GTCDragonsTableViewCell.swift in Sources */,
			);
			runOnlyForDeploymentPostprocessing = 0;
		};
/* End PBXSourcesBuildPhase section */

/* Begin PBXTargetDependency section */
		04892EB02125654A003867C1 /* PBXTargetDependency */ = {
			isa = PBXTargetDependency;
			target = 04892E9021256454003867C1 /* Catalog */;
			targetProxy = 04892EAF2125654A003867C1 /* PBXContainerItemProxy */;
		};
/* End PBXTargetDependency section */

/* Begin PBXVariantGroup section */
		04892E9821256454003867C1 /* Main.storyboard */ = {
			isa = PBXVariantGroup;
			children = (
				04892E9921256454003867C1 /* Base */,
			);
			name = Main.storyboard;
			sourceTree = "<group>";
		};
		04892E9D21256455003867C1 /* LaunchScreen.storyboard */ = {
			isa = PBXVariantGroup;
			children = (
				04892E9E21256455003867C1 /* Base */,
			);
			name = LaunchScreen.storyboard;
			sourceTree = "<group>";
		};
		04C6240C2134F0D800D0564C /* Main.storyboard */ = {
			isa = PBXVariantGroup;
			children = (
				04C6240D2134F0D800D0564C /* Base */,
			);
			name = Main.storyboard;
			sourceTree = "<group>";
		};
		04C624112134F0D900D0564C /* LaunchScreen.storyboard */ = {
			isa = PBXVariantGroup;
			children = (
				04C624122134F0D900D0564C /* Base */,
			);
			name = LaunchScreen.storyboard;
			sourceTree = "<group>";
		};
/* End PBXVariantGroup section */

/* Begin XCBuildConfiguration section */
		04892EA121256455003867C1 /* Debug */ = {
			isa = XCBuildConfiguration;
			buildSettings = {
				ALWAYS_SEARCH_USER_PATHS = NO;
				CLANG_ANALYZER_NONNULL = YES;
				CLANG_ANALYZER_NUMBER_OBJECT_CONVERSION = YES_AGGRESSIVE;
				CLANG_CXX_LANGUAGE_STANDARD = "gnu++14";
				CLANG_CXX_LIBRARY = "libc++";
				CLANG_ENABLE_MODULES = YES;
				CLANG_ENABLE_OBJC_ARC = YES;
				CLANG_ENABLE_OBJC_WEAK = YES;
				CLANG_WARN_BLOCK_CAPTURE_AUTORELEASING = YES;
				CLANG_WARN_BOOL_CONVERSION = YES;
				CLANG_WARN_COMMA = YES;
				CLANG_WARN_CONSTANT_CONVERSION = YES;
				CLANG_WARN_DEPRECATED_OBJC_IMPLEMENTATIONS = YES;
				CLANG_WARN_DIRECT_OBJC_ISA_USAGE = YES_ERROR;
				CLANG_WARN_DOCUMENTATION_COMMENTS = YES;
				CLANG_WARN_EMPTY_BODY = YES;
				CLANG_WARN_ENUM_CONVERSION = YES;
				CLANG_WARN_INFINITE_RECURSION = YES;
				CLANG_WARN_INT_CONVERSION = YES;
				CLANG_WARN_NON_LITERAL_NULL_CONVERSION = YES;
				CLANG_WARN_OBJC_IMPLICIT_RETAIN_SELF = YES;
				CLANG_WARN_OBJC_LITERAL_CONVERSION = YES;
				CLANG_WARN_OBJC_ROOT_CLASS = YES_ERROR;
				CLANG_WARN_RANGE_LOOP_ANALYSIS = YES;
				CLANG_WARN_STRICT_PROTOTYPES = YES;
				CLANG_WARN_SUSPICIOUS_MOVE = YES;
				CLANG_WARN_UNGUARDED_AVAILABILITY = YES_AGGRESSIVE;
				CLANG_WARN_UNREACHABLE_CODE = YES;
				CLANG_WARN__DUPLICATE_METHOD_MATCH = YES;
				CODE_SIGN_IDENTITY = "iPhone Developer";
				COPY_PHASE_STRIP = NO;
				DEBUG_INFORMATION_FORMAT = dwarf;
				ENABLE_STRICT_OBJC_MSGSEND = YES;
				ENABLE_TESTABILITY = YES;
				GCC_C_LANGUAGE_STANDARD = gnu11;
				GCC_DYNAMIC_NO_PIC = NO;
				GCC_NO_COMMON_BLOCKS = YES;
				GCC_OPTIMIZATION_LEVEL = 0;
				GCC_PREPROCESSOR_DEFINITIONS = (
					"DEBUG=1",
					"$(inherited)",
				);
				GCC_WARN_64_TO_32_BIT_CONVERSION = YES;
				GCC_WARN_ABOUT_RETURN_TYPE = YES_ERROR;
				GCC_WARN_UNDECLARED_SELECTOR = YES;
				GCC_WARN_UNINITIALIZED_AUTOS = YES_AGGRESSIVE;
				GCC_WARN_UNUSED_FUNCTION = YES;
				GCC_WARN_UNUSED_VARIABLE = YES;
				IPHONEOS_DEPLOYMENT_TARGET = 8.0;
				MTL_ENABLE_DEBUG_INFO = YES;
				ONLY_ACTIVE_ARCH = YES;
				SDKROOT = iphoneos;
				SWIFT_ACTIVE_COMPILATION_CONDITIONS = DEBUG;
				SWIFT_OPTIMIZATION_LEVEL = "-Onone";
			};
			name = Debug;
		};
		04892EA221256455003867C1 /* Release */ = {
			isa = XCBuildConfiguration;
			buildSettings = {
				ALWAYS_SEARCH_USER_PATHS = NO;
				CLANG_ANALYZER_NONNULL = YES;
				CLANG_ANALYZER_NUMBER_OBJECT_CONVERSION = YES_AGGRESSIVE;
				CLANG_CXX_LANGUAGE_STANDARD = "gnu++14";
				CLANG_CXX_LIBRARY = "libc++";
				CLANG_ENABLE_MODULES = YES;
				CLANG_ENABLE_OBJC_ARC = YES;
				CLANG_ENABLE_OBJC_WEAK = YES;
				CLANG_WARN_BLOCK_CAPTURE_AUTORELEASING = YES;
				CLANG_WARN_BOOL_CONVERSION = YES;
				CLANG_WARN_COMMA = YES;
				CLANG_WARN_CONSTANT_CONVERSION = YES;
				CLANG_WARN_DEPRECATED_OBJC_IMPLEMENTATIONS = YES;
				CLANG_WARN_DIRECT_OBJC_ISA_USAGE = YES_ERROR;
				CLANG_WARN_DOCUMENTATION_COMMENTS = YES;
				CLANG_WARN_EMPTY_BODY = YES;
				CLANG_WARN_ENUM_CONVERSION = YES;
				CLANG_WARN_INFINITE_RECURSION = YES;
				CLANG_WARN_INT_CONVERSION = YES;
				CLANG_WARN_NON_LITERAL_NULL_CONVERSION = YES;
				CLANG_WARN_OBJC_IMPLICIT_RETAIN_SELF = YES;
				CLANG_WARN_OBJC_LITERAL_CONVERSION = YES;
				CLANG_WARN_OBJC_ROOT_CLASS = YES_ERROR;
				CLANG_WARN_RANGE_LOOP_ANALYSIS = YES;
				CLANG_WARN_STRICT_PROTOTYPES = YES;
				CLANG_WARN_SUSPICIOUS_MOVE = YES;
				CLANG_WARN_UNGUARDED_AVAILABILITY = YES_AGGRESSIVE;
				CLANG_WARN_UNREACHABLE_CODE = YES;
				CLANG_WARN__DUPLICATE_METHOD_MATCH = YES;
				CODE_SIGN_IDENTITY = "iPhone Developer";
				COPY_PHASE_STRIP = NO;
				DEBUG_INFORMATION_FORMAT = "dwarf-with-dsym";
				ENABLE_NS_ASSERTIONS = NO;
				ENABLE_STRICT_OBJC_MSGSEND = YES;
				GCC_C_LANGUAGE_STANDARD = gnu11;
				GCC_NO_COMMON_BLOCKS = YES;
				GCC_WARN_64_TO_32_BIT_CONVERSION = YES;
				GCC_WARN_ABOUT_RETURN_TYPE = YES_ERROR;
				GCC_WARN_UNDECLARED_SELECTOR = YES;
				GCC_WARN_UNINITIALIZED_AUTOS = YES_AGGRESSIVE;
				GCC_WARN_UNUSED_FUNCTION = YES;
				GCC_WARN_UNUSED_VARIABLE = YES;
				IPHONEOS_DEPLOYMENT_TARGET = 8.0;
				MTL_ENABLE_DEBUG_INFO = NO;
				SDKROOT = iphoneos;
				SWIFT_COMPILATION_MODE = wholemodule;
				SWIFT_OPTIMIZATION_LEVEL = "-O";
				VALIDATE_PRODUCT = YES;
			};
			name = Release;
		};
		04892EA421256455003867C1 /* Debug */ = {
			isa = XCBuildConfiguration;
			baseConfigurationReference = 9C91C13A3818C41CB36388A9 /* Pods-Catalog.debug.xcconfig */;
			buildSettings = {
				ASSETCATALOG_COMPILER_APPICON_NAME = AppIcon;
				CODE_SIGN_STYLE = Manual;
				DEVELOPMENT_TEAM = E4RZEW9957;
				INFOPLIST_FILE = Catalog/Info.plist;
				IPHONEOS_DEPLOYMENT_TARGET = 8.0;
				LD_RUNPATH_SEARCH_PATHS = (
					"$(inherited)",
					"@executable_path/Frameworks",
				);
				PRODUCT_BUNDLE_IDENTIFIER = com.liuxc.Catalog;
				PRODUCT_NAME = "$(TARGET_NAME)";
				PROVISIONING_PROFILE = "38d794b7-8c98-4d54-a69c-7c1f6403492e";
				PROVISIONING_PROFILE_SPECIFIER = XCWildcard;
				SDKROOT = iphoneos;
				SWIFT_VERSION = 4.0;
				TARGETED_DEVICE_FAMILY = "1,2";
			};
			name = Debug;
		};
		04892EA521256455003867C1 /* Release */ = {
			isa = XCBuildConfiguration;
			baseConfigurationReference = 4BFCBC81CC226CC235E5911C /* Pods-Catalog.release.xcconfig */;
			buildSettings = {
				ASSETCATALOG_COMPILER_APPICON_NAME = AppIcon;
				CODE_SIGN_STYLE = Manual;
				DEVELOPMENT_TEAM = E4RZEW9957;
				INFOPLIST_FILE = Catalog/Info.plist;
				IPHONEOS_DEPLOYMENT_TARGET = 8.0;
				LD_RUNPATH_SEARCH_PATHS = (
					"$(inherited)",
					"@executable_path/Frameworks",
				);
				PRODUCT_BUNDLE_IDENTIFIER = com.liuxc.Catalog;
				PRODUCT_NAME = "$(TARGET_NAME)";
				PROVISIONING_PROFILE = "38d794b7-8c98-4d54-a69c-7c1f6403492e";
				PROVISIONING_PROFILE_SPECIFIER = XCWildcard;
				SDKROOT = iphoneos;
				SWIFT_VERSION = 4.0;
				TARGETED_DEVICE_FAMILY = "1,2";
			};
			name = Release;
		};
		04892EB12125654A003867C1 /* Debug */ = {
			isa = XCBuildConfiguration;
			baseConfigurationReference = 7CD67812B887A7BF835CF7EA /* Pods-UnitTests.debug.xcconfig */;
			buildSettings = {
				BUNDLE_LOADER = "$(TEST_HOST)";
				CODE_SIGN_STYLE = Manual;
				DEVELOPMENT_TEAM = E4RZEW9957;
				INFOPLIST_FILE = UnitTests/Info.plist;
				LD_RUNPATH_SEARCH_PATHS = (
					"$(inherited)",
					"@executable_path/Frameworks",
					"@loader_path/Frameworks",
				);
				PRODUCT_BUNDLE_IDENTIFIER = com.liuxc.UnitTests;
				PRODUCT_NAME = "$(TARGET_NAME)";
				PROVISIONING_PROFILE_SPECIFIER = "";
				SWIFT_VERSION = 4.0;
				TARGETED_DEVICE_FAMILY = "1,2";
				TEST_HOST = "$(BUILT_PRODUCTS_DIR)/Catalog.app/Catalog";
			};
			name = Debug;
		};
		04892EB22125654A003867C1 /* Release */ = {
			isa = XCBuildConfiguration;
			baseConfigurationReference = BCFD99AEE98506A049EAD7BC /* Pods-UnitTests.release.xcconfig */;
			buildSettings = {
				BUNDLE_LOADER = "$(TEST_HOST)";
				CODE_SIGN_STYLE = Manual;
				DEVELOPMENT_TEAM = "";
				INFOPLIST_FILE = UnitTests/Info.plist;
				LD_RUNPATH_SEARCH_PATHS = (
					"$(inherited)",
					"@executable_path/Frameworks",
					"@loader_path/Frameworks",
				);
				PRODUCT_BUNDLE_IDENTIFIER = com.liuxc.UnitTests;
				PRODUCT_NAME = "$(TARGET_NAME)";
				PROVISIONING_PROFILE_SPECIFIER = "";
				SWIFT_VERSION = 4.0;
				TARGETED_DEVICE_FAMILY = "1,2";
				TEST_HOST = "$(BUILT_PRODUCTS_DIR)/Catalog.app/Catalog";
			};
			name = Release;
		};
		04C624152134F0D900D0564C /* Debug */ = {
			isa = XCBuildConfiguration;
			baseConfigurationReference = 2C64DF8CDFB3F376E00C8DFF /* Pods-GTCDragons.debug.xcconfig */;
			buildSettings = {
				ASSETCATALOG_COMPILER_APPICON_NAME = AppIcon;
				CODE_SIGN_STYLE = Automatic;
				DEVELOPMENT_TEAM = E4RZEW9957;
				INFOPLIST_FILE = GTCDragons/Info.plist;
				IPHONEOS_DEPLOYMENT_TARGET = 8.0;
				LD_RUNPATH_SEARCH_PATHS = (
					"$(inherited)",
					"@executable_path/Frameworks",
				);
				PRODUCT_BUNDLE_IDENTIFIER = com.liuxc.GTCDragons;
				PRODUCT_NAME = "$(TARGET_NAME)";
				SWIFT_VERSION = 4.0;
				TARGETED_DEVICE_FAMILY = "1,2";
			};
			name = Debug;
		};
		04C624162134F0D900D0564C /* Release */ = {
			isa = XCBuildConfiguration;
			baseConfigurationReference = 6DB322241AC1F757B779A336 /* Pods-GTCDragons.release.xcconfig */;
			buildSettings = {
				ASSETCATALOG_COMPILER_APPICON_NAME = AppIcon;
				CODE_SIGN_STYLE = Automatic;
				DEVELOPMENT_TEAM = E4RZEW9957;
				INFOPLIST_FILE = GTCDragons/Info.plist;
				IPHONEOS_DEPLOYMENT_TARGET = 8.0;
				LD_RUNPATH_SEARCH_PATHS = (
					"$(inherited)",
					"@executable_path/Frameworks",
				);
				PRODUCT_BUNDLE_IDENTIFIER = com.liuxc.GTCDragons;
				PRODUCT_NAME = "$(TARGET_NAME)";
				SWIFT_VERSION = 4.0;
				TARGETED_DEVICE_FAMILY = "1,2";
			};
			name = Release;
		};
/* End XCBuildConfiguration section */

/* Begin XCConfigurationList section */
		04892E8C21256454003867C1 /* Build configuration list for PBXProject "Catalog" */ = {
			isa = XCConfigurationList;
			buildConfigurations = (
				04892EA121256455003867C1 /* Debug */,
				04892EA221256455003867C1 /* Release */,
			);
			defaultConfigurationIsVisible = 0;
			defaultConfigurationName = Release;
		};
		04892EA321256455003867C1 /* Build configuration list for PBXNativeTarget "Catalog" */ = {
			isa = XCConfigurationList;
			buildConfigurations = (
				04892EA421256455003867C1 /* Debug */,
				04892EA521256455003867C1 /* Release */,
			);
			defaultConfigurationIsVisible = 0;
			defaultConfigurationName = Release;
		};
		04892EB32125654A003867C1 /* Build configuration list for PBXNativeTarget "UnitTests" */ = {
			isa = XCConfigurationList;
			buildConfigurations = (
				04892EB12125654A003867C1 /* Debug */,
				04892EB22125654A003867C1 /* Release */,
			);
			defaultConfigurationIsVisible = 0;
			defaultConfigurationName = Release;
		};
		04C624172134F0D900D0564C /* Build configuration list for PBXNativeTarget "GTCDragons" */ = {
			isa = XCConfigurationList;
			buildConfigurations = (
				04C624152134F0D900D0564C /* Debug */,
				04C624162134F0D900D0564C /* Release */,
			);
			defaultConfigurationIsVisible = 0;
			defaultConfigurationName = Release;
		};
/* End XCConfigurationList section */
	};
	rootObject = 04892E8921256454003867C1 /* Project object */;
}
