PODS:
  - GTCatalog (0.0.1)
  - GTComponentsExamples (1.0.0):
    - GTKitComponents
  - GTComponentsUnitTests (1.0.0):
    - GTKitComponents
  - GTFInternationalization (0.0.1)
  - GTFTextAccessibility (0.0.1)
  - GTKitComponents (0.0.1):
    - GTKitComponents/AppBar (= 0.0.1)
    - "GTKitComponents/AppBar+ColorThemer (= 0.0.1)"
    - "GTKitComponents/AppBar+TypographyThemer (= 0.0.1)"
    - GTKitComponents/ButtonBar (= 0.0.1)
    - "GTKitComponents/ButtonBar+ColorThemer (= 0.0.1)"
    - "GTKitComponents/ButtonBar+TypographyThemer (= 0.0.1)"
    - GTKitComponents/Buttons (= 0.0.1)
    - "GTKitComponents/Buttons+ButtonThemer (= 0.0.1)"
    - "GTKitComponents/Buttons+ColorThemer (= 0.0.1)"
    - "GTKitComponents/Buttons+TitleColorAccessibilityMutator (= 0.0.1)"
    - "GTKitComponents/Buttons+TypographyThemer (= 0.0.1)"
    - GTKitComponents/FlexibleHeader (= 0.0.1)
    - "GTKitComponents/FlexibleHeader+ColorThemer (= 0.0.1)"
    - GTKitComponents/HeaderStackView (= 0.0.1)
    - "GTKitComponents/HeaderStackView+ColorThemer (= 0.0.1)"
    - GTKitComponents/Ink (= 0.0.1)
    - GTKitComponents/NavigationBar (= 0.0.1)
    - "GTKitComponents/NavigationBar+ColorThemer (= 0.0.1)"
    - "GTKitComponents/NavigationBar+TypographyThemer (= 0.0.1)"
    - GTKitComponents/OverlayWindow (= 0.0.1)
    - GTKitComponents/PageControl (= 0.0.1)
    - "GTKitComponents/PageControl+ColorThemer (= 0.0.1)"
    - GTKitComponents/Palettes (= 0.0.1)
    - GTKitComponents/private (= 0.0.1)
    - GTKitComponents/schemes (= 0.0.1)
    - GTKitComponents/ShadowElevations (= 0.0.1)
    - GTKitComponents/ShadowLayer (= 0.0.1)
    - GTKitComponents/Themes (= 0.0.1)
    - GTKitComponents/Typography (= 0.0.1)
  - GTKitComponents/AppBar (0.0.1):
    - GTFInternationalization
    - GTKitComponents/FlexibleHeader
    - GTKitComponents/HeaderStackView
    - GTKitComponents/NavigationBar
    - GTKitComponents/private/Application
    - GTKitComponents/private/Icons/ic_arrow_back
    - GTKitComponents/private/UIMetrics
    - GTKitComponents/ShadowElevations
    - GTKitComponents/ShadowLayer
    - GTKitComponents/Typography
  - "GTKitComponents/AppBar+ColorThemer (0.0.1)":
    - GTKitComponents/AppBar
    - "GTKitComponents/FlexibleHeader+ColorThemer"
    - "GTKitComponents/NavigationBar+ColorThemer"
    - GTKitComponents/Themes
  - "GTKitComponents/AppBar+TypographyThemer (0.0.1)":
    - GTKitComponents/AppBar
    - "GTKitComponents/NavigationBar+TypographyThemer"
  - GTKitComponents/ButtonBar (0.0.1):
    - GTFInternationalization
    - GTKitComponents/Buttons
  - "GTKitComponents/ButtonBar+ColorThemer (0.0.1)":
    - GTKitComponents/ButtonBar
    - GTKitComponents/Themes
  - "GTKitComponents/ButtonBar+TypographyThemer (0.0.1)":
    - GTKitComponents/ButtonBar
    - GTKitComponents/schemes/Typography
  - GTKitComponents/Buttons (0.0.1):
    - GTFInternationalization
    - GTFTextAccessibility
    - GTKitComponents/Ink
    - GTKitComponents/private/Math
    - GTKitComponents/private/Shapes
    - GTKitComponents/ShadowElevations
    - GTKitComponents/ShadowLayer
    - GTKitComponents/Typography
  - "GTKitComponents/Buttons+ButtonThemer (0.0.1)":
    - GTKitComponents/Buttons
    - "GTKitComponents/Buttons+ColorThemer"
    - "GTKitComponents/Buttons+TypographyThemer"
  - "GTKitComponents/Buttons+ColorThemer (0.0.1)":
    - GTKitComponents/Buttons
    - GTKitComponents/schemes/Color
  - "GTKitComponents/Buttons+TitleColorAccessibilityMutator (0.0.1)":
    - GTFTextAccessibility
    - GTKitComponents/Buttons
  - "GTKitComponents/Buttons+TypographyThemer (0.0.1)":
    - GTKitComponents/Buttons
    - GTKitComponents/schemes/Typography
  - GTKitComponents/FlexibleHeader (0.0.1):
    - GTFTextAccessibility
    - GTKitComponents/private/Application
    - GTKitComponents/private/UIMetrics
  - "GTKitComponents/FlexibleHeader+ColorThemer (0.0.1)":
    - GTKitComponents/FlexibleHeader
    - GTKitComponents/schemes/Color
  - GTKitComponents/HeaderStackView (0.0.1)
  - "GTKitComponents/HeaderStackView+ColorThemer (0.0.1)":
    - GTKitComponents/HeaderStackView
    - GTKitComponents/Themes
  - GTKitComponents/Ink (0.0.1):
    - GTKitComponents/private/Math
  - GTKitComponents/NavigationBar (0.0.1):
    - GTFInternationalization
    - GTFTextAccessibility
    - GTKitComponents/ButtonBar
    - GTKitComponents/private/Math
    - GTKitComponents/Typography
  - "GTKitComponents/NavigationBar+ColorThemer (0.0.1)":
    - GTKitComponents/NavigationBar
    - GTKitComponents/schemes/Color
  - "GTKitComponents/NavigationBar+TypographyThemer (0.0.1)":
    - GTKitComponents/NavigationBar
    - GTKitComponents/schemes/Typography
  - GTKitComponents/OverlayWindow (0.0.1):
    - GTKitComponents/private/Application
  - GTKitComponents/PageControl (0.0.1)
  - "GTKitComponents/PageControl+ColorThemer (0.0.1)":
    - GTKitComponents/PageControl
    - GTKitComponents/Themes
  - GTKitComponents/Palettes (0.0.1)
  - GTKitComponents/private (0.0.1):
    - GTKitComponents/private/Application (= 0.0.1)
    - GTKitComponents/private/Icons (= 0.0.1)
    - GTKitComponents/private/KeyboardWatcher (= 0.0.1)
    - GTKitComponents/private/Math (= 0.0.1)
    - GTKitComponents/private/Overlay (= 0.0.1)
    - GTKitComponents/private/ShapeLibrary (= 0.0.1)
    - GTKitComponents/private/Shapes (= 0.0.1)
    - GTKitComponents/private/UIMetrics (= 0.0.1)
  - GTKitComponents/private/Application (0.0.1)
  - GTKitComponents/private/Icons (0.0.1):
    - GTKitComponents/private/Icons/Base (= 0.0.1)
    - GTKitComponents/private/Icons/ic_arrow_back (= 0.0.1)
    - GTKitComponents/private/Icons/ic_check (= 0.0.1)
    - GTKitComponents/private/Icons/ic_check_circle (= 0.0.1)
    - GTKitComponents/private/Icons/ic_chevron_right (= 0.0.1)
    - GTKitComponents/private/Icons/ic_color_lens (= 0.0.1)
    - GTKitComponents/private/Icons/ic_help_outline (= 0.0.1)
    - GTKitComponents/private/Icons/ic_info (= 0.0.1)
    - GTKitComponents/private/Icons/ic_more_horiz (= 0.0.1)
    - GTKitComponents/private/Icons/ic_radio_button_unchecked (= 0.0.1)
    - GTKitComponents/private/Icons/ic_reorder (= 0.0.1)
    - GTKitComponents/private/Icons/ic_settings (= 0.0.1)
  - GTKitComponents/private/Icons/Base (0.0.1)
  - GTKitComponents/private/Icons/ic_arrow_back (0.0.1):
    - GTKitComponents/private/Icons/Base
  - GTKitComponents/private/Icons/ic_check (0.0.1):
    - GTKitComponents/private/Icons/Base
  - GTKitComponents/private/Icons/ic_check_circle (0.0.1):
    - GTKitComponents/private/Icons/Base
  - GTKitComponents/private/Icons/ic_chevron_right (0.0.1):
    - GTKitComponents/private/Icons/Base
  - GTKitComponents/private/Icons/ic_color_lens (0.0.1):
    - GTKitComponents/private/Icons/Base
  - GTKitComponents/private/Icons/ic_help_outline (0.0.1):
    - GTKitComponents/private/Icons/Base
  - GTKitComponents/private/Icons/ic_info (0.0.1):
    - GTKitComponents/private/Icons/Base
  - GTKitComponents/private/Icons/ic_more_horiz (0.0.1):
    - GTKitComponents/private/Icons/Base
  - GTKitComponents/private/Icons/ic_radio_button_unchecked (0.0.1):
    - GTKitComponents/private/Icons/Base
  - GTKitComponents/private/Icons/ic_reorder (0.0.1):
    - GTKitComponents/private/Icons/Base
  - GTKitComponents/private/Icons/ic_settings (0.0.1):
    - GTKitComponents/private/Icons/Base
  - GTKitComponents/private/KeyboardWatcher (0.0.1):
    - GTKitComponents/private/Application
  - GTKitComponents/private/Math (0.0.1)
  - GTKitComponents/private/Overlay (0.0.1)
  - GTKitComponents/private/ShapeLibrary (0.0.1):
    - GTKitComponents/private/Math
    - GTKitComponents/private/Shapes
  - GTKitComponents/private/Shapes (0.0.1):
    - GTKitComponents/private/Math
    - GTKitComponents/ShadowLayer
  - GTKitComponents/private/UIMetrics (0.0.1):
    - GTKitComponents/private/Application
  - GTKitComponents/schemes (0.0.1):
    - GTKitComponents/schemes/Color (= 0.0.1)
    - GTKitComponents/schemes/Typography (= 0.0.1)
  - GTKitComponents/schemes/Color (0.0.1)
  - GTKitComponents/schemes/Typography (0.0.1)
  - GTKitComponents/ShadowElevations (0.0.1)
  - GTKitComponents/ShadowLayer (0.0.1):
    - GTKitComponents/ShadowElevations
  - GTKitComponents/Themes (0.0.1):
    - GTKitComponents/schemes/Color
    - GTKitComponents/schemes/Typography
  - GTKitComponents/Typography (0.0.1):
    - GTKitComponents/private/Application
    - GTKitComponents/private/Math

DEPENDENCIES:
  - GTCatalog
  - GTComponentsExamples (from `../`)
  - GTComponentsUnitTests (from `../`)
  - GTKitComponents (from `../`)

SPEC REPOS:
  https://github.com/CocoaPods/Specs.git:
    - GTCatalog
    - GTFInternationalization
    - GTFTextAccessibility

EXTERNAL SOURCES:
  GTComponentsExamples:
    :path: "../"
  GTComponentsUnitTests:
    :path: "../"
  GTKitComponents:
    :path: "../"

SPEC CHECKSUMS:
  GTCatalog: d6bb60421469aaaf6bee50c6419881427843809a
  GTComponentsExamples: 8a6efd1fda1aebfe4ab41ce358b7c8c2deff1aa1
  GTComponentsUnitTests: c00df0aa153664eb8ae081f04a3493453d9c19a7
  GTFInternationalization: 9aa259ddf1deb8590d605128c92f6ce8e87baa64
  GTFTextAccessibility: d5a28a7a603d1722727e33f27dcc27b5e7b0ce43
  GTKitComponents: 3dd956d0143a48706ad11fb764b4c66ebb81e4d4

PODFILE CHECKSUM: 856ea29b72f024aba96c78f51f6da1ec06896ef0

COCOAPODS: 1.5.0
